// !$*UTF8*$!
{
	archiveVersion = 1;
	classes = {
	};
	objectVersion = 56;
	objects = {

/* Begin PBXBuildFile section */
		B2DCE3C6D3FE49C60E05B0AA /* Pods_messanger.framework in Frameworks */ = {isa = PBXBuildFile; fileRef = E5855F8E550AF66DEC3FE4D3 /* Pods_messanger.framework */; };
		D1FA265FFDA5F88E5855B915 /* Pods_messanger_messangerUITests.framework in Frameworks */ = {isa = PBXBuildFile; fileRef = 0AFC4397BD2D91A4FBA2BC04 /* Pods_messanger_messangerUITests.framework */; };
		F05A621A2B3169A7007BAAB7 /* AppDelegate.swift in Sources */ = {isa = PBXBuildFile; fileRef = F05A62192B3169A7007BAAB7 /* AppDelegate.swift */; };
		F05A621C2B3169A7007BAAB7 /* SceneDelegate.swift in Sources */ = {isa = PBXBuildFile; fileRef = F05A621B2B3169A7007BAAB7 /* SceneDelegate.swift */; };
		F05A621E2B3169A7007BAAB7 /* ConverstionViewController.swift in Sources */ = {isa = PBXBuildFile; fileRef = F05A621D2B3169A7007BAAB7 /* ConverstionViewController.swift */; };
		F05A62212B3169A7007BAAB7 /* Main.storyboard in Resources */ = {isa = PBXBuildFile; fileRef = F05A621F2B3169A7007BAAB7 /* Main.storyboard */; };
		F05A62232B3169A8007BAAB7 /* Assets.xcassets in Resources */ = {isa = PBXBuildFile; fileRef = F05A62222B3169A8007BAAB7 /* Assets.xcassets */; };
		F05A62262B3169A8007BAAB7 /* LaunchScreen.storyboard in Resources */ = {isa = PBXBuildFile; fileRef = F05A62242B3169A8007BAAB7 /* LaunchScreen.storyboard */; };
		F05A62502B3170F4007BAAB7 /* LoginViewController.swift in Sources */ = {isa = PBXBuildFile; fileRef = F05A624F2B3170F4007BAAB7 /* LoginViewController.swift */; };
		F05A62522B31710A007BAAB7 /* RegisterViewController.swift in Sources */ = {isa = PBXBuildFile; fileRef = F05A62512B31710A007BAAB7 /* RegisterViewController.swift */; };
		F05A62542B317123007BAAB7 /* PhotoViewerViewController.swift in Sources */ = {isa = PBXBuildFile; fileRef = F05A62532B317123007BAAB7 /* PhotoViewerViewController.swift */; };
		F05A62562B317136007BAAB7 /* VideoPlayerViewController.swift in Sources */ = {isa = PBXBuildFile; fileRef = F05A62552B317136007BAAB7 /* VideoPlayerViewController.swift */; };
		F05A62582B317144007BAAB7 /* NewConverstionViewController.swift in Sources */ = {isa = PBXBuildFile; fileRef = F05A62572B317144007BAAB7 /* NewConverstionViewController.swift */; };
		F05A625A2B317153007BAAB7 /* ProfileViewController.swift in Sources */ = {isa = PBXBuildFile; fileRef = F05A62592B317153007BAAB7 /* ProfileViewController.swift */; };
		F05A625F2B319805007BAAB7 /* Extantion.swift in Sources */ = {isa = PBXBuildFile; fileRef = F05A625E2B319805007BAAB7 /* Extantion.swift */; };
		F05A62612B32F963007BAAB7 /* GoogleService-Info.plist in Resources */ = {isa = PBXBuildFile; fileRef = F05A62602B32F963007BAAB7 /* GoogleService-Info.plist */; };
		FE10D0921DEAF50AF95AF19C /* Pods_messangerTests.framework in Frameworks */ = {isa = PBXBuildFile; fileRef = 4A2A79D78A4606A747D7B11F /* Pods_messangerTests.framework */; };
/* End PBXBuildFile section */

/* Begin PBXContainerItemProxy section */
		F05A622D2B3169A8007BAAB7 /* PBXContainerItemProxy */ = {
			isa = PBXContainerItemProxy;
			containerPortal = F05A620E2B3169A7007BAAB7 /* Project object */;
			proxyType = 1;
			remoteGlobalIDString = F05A62152B3169A7007BAAB7;
			remoteInfo = messanger;
		};
		F05A62372B3169A8007BAAB7 /* PBXContainerItemProxy */ = {
			isa = PBXContainerItemProxy;
			containerPortal = F05A620E2B3169A7007BAAB7 /* Project object */;
			proxyType = 1;
			remoteGlobalIDString = F05A62152B3169A7007BAAB7;
			remoteInfo = messanger;
		};
/* End PBXContainerItemProxy section */

/* Begin PBXFileReference section */
		095823ADC1DE6A7B52DB89B7 /* Pods-messanger.release.xcconfig */ = {isa = PBXFileReference; includeInIndex = 1; lastKnownFileType = text.xcconfig; name = "Pods-messanger.release.xcconfig"; path = "Target Support Files/Pods-messanger/Pods-messanger.release.xcconfig"; sourceTree = "<group>"; };
		0AFC4397BD2D91A4FBA2BC04 /* Pods_messanger_messangerUITests.framework */ = {isa = PBXFileReference; explicitFileType = wrapper.framework; includeInIndex = 0; path = Pods_messanger_messangerUITests.framework; sourceTree = BUILT_PRODUCTS_DIR; };
		0EA871A3EF6E8F94258817F5 /* Pods-messangerTests.release.xcconfig */ = {isa = PBXFileReference; includeInIndex = 1; lastKnownFileType = text.xcconfig; name = "Pods-messangerTests.release.xcconfig"; path = "Target Support Files/Pods-messangerTests/Pods-messangerTests.release.xcconfig"; sourceTree = "<group>"; };
		4A2A79D78A4606A747D7B11F /* Pods_messangerTests.framework */ = {isa = PBXFileReference; explicitFileType = wrapper.framework; includeInIndex = 0; path = Pods_messangerTests.framework; sourceTree = BUILT_PRODUCTS_DIR; };
		924931761F5015D3E868DA33 /* Pods-messanger-messangerUITests.release.xcconfig */ = {isa = PBXFileReference; includeInIndex = 1; lastKnownFileType = text.xcconfig; name = "Pods-messanger-messangerUITests.release.xcconfig"; path = "Target Support Files/Pods-messanger-messangerUITests/Pods-messanger-messangerUITests.release.xcconfig"; sourceTree = "<group>"; };
		96DC09A54DEE01299EBD140E /* Pods-messanger.debug.xcconfig */ = {isa = PBXFileReference; includeInIndex = 1; lastKnownFileType = text.xcconfig; name = "Pods-messanger.debug.xcconfig"; path = "Target Support Files/Pods-messanger/Pods-messanger.debug.xcconfig"; sourceTree = "<group>"; };
		C0F0E70C62B184D898F2B5B8 /* Pods-messangerTests.debug.xcconfig */ = {isa = PBXFileReference; includeInIndex = 1; lastKnownFileType = text.xcconfig; name = "Pods-messangerTests.debug.xcconfig"; path = "Target Support Files/Pods-messangerTests/Pods-messangerTests.debug.xcconfig"; sourceTree = "<group>"; };
		D22AFE04DCAF48D9787163D7 /* Pods-messanger-messangerUITests.debug.xcconfig */ = {isa = PBXFileReference; includeInIndex = 1; lastKnownFileType = text.xcconfig; name = "Pods-messanger-messangerUITests.debug.xcconfig"; path = "Target Support Files/Pods-messanger-messangerUITests/Pods-messanger-messangerUITests.debug.xcconfig"; sourceTree = "<group>"; };
		E5855F8E550AF66DEC3FE4D3 /* Pods_messanger.framework */ = {isa = PBXFileReference; explicitFileType = wrapper.framework; includeInIndex = 0; path = Pods_messanger.framework; sourceTree = BUILT_PRODUCTS_DIR; };
		F05A62162B3169A7007BAAB7 /* messanger.app */ = {isa = PBXFileReference; explicitFileType = wrapper.application; includeInIndex = 0; path = messanger.app; sourceTree = BUILT_PRODUCTS_DIR; };
		F05A62192B3169A7007BAAB7 /* AppDelegate.swift */ = {isa = PBXFileReference; lastKnownFileType = sourcecode.swift; path = AppDelegate.swift; sourceTree = "<group>"; };
		F05A621B2B3169A7007BAAB7 /* SceneDelegate.swift */ = {isa = PBXFileReference; lastKnownFileType = sourcecode.swift; path = SceneDelegate.swift; sourceTree = "<group>"; };
		F05A621D2B3169A7007BAAB7 /* ConverstionViewController.swift */ = {isa = PBXFileReference; lastKnownFileType = sourcecode.swift; path = ConverstionViewController.swift; sourceTree = "<group>"; };
		F05A62202B3169A7007BAAB7 /* Base */ = {isa = PBXFileReference; lastKnownFileType = file.storyboard; name = Base; path = Base.lproj/Main.storyboard; sourceTree = "<group>"; };
		F05A62222B3169A8007BAAB7 /* Assets.xcassets */ = {isa = PBXFileReference; lastKnownFileType = folder.assetcatalog; path = Assets.xcassets; sourceTree = "<group>"; };
		F05A62252B3169A8007BAAB7 /* Base */ = {isa = PBXFileReference; lastKnownFileType = file.storyboard; name = Base; path = Base.lproj/LaunchScreen.storyboard; sourceTree = "<group>"; };
		F05A62272B3169A8007BAAB7 /* Info.plist */ = {isa = PBXFileReference; lastKnownFileType = text.plist.xml; path = Info.plist; sourceTree = "<group>"; };
		F05A622C2B3169A8007BAAB7 /* messangerTests.xctest */ = {isa = PBXFileReference; explicitFileType = wrapper.cfbundle; includeInIndex = 0; path = messangerTests.xctest; sourceTree = BUILT_PRODUCTS_DIR; };
		F05A62362B3169A8007BAAB7 /* messangerUITests.xctest */ = {isa = PBXFileReference; explicitFileType = wrapper.cfbundle; includeInIndex = 0; path = messangerUITests.xctest; sourceTree = BUILT_PRODUCTS_DIR; };
		F05A624F2B3170F4007BAAB7 /* LoginViewController.swift */ = {isa = PBXFileReference; lastKnownFileType = sourcecode.swift; path = LoginViewController.swift; sourceTree = "<group>"; };
		F05A62512B31710A007BAAB7 /* RegisterViewController.swift */ = {isa = PBXFileReference; lastKnownFileType = sourcecode.swift; path = RegisterViewController.swift; sourceTree = "<group>"; };
		F05A62532B317123007BAAB7 /* PhotoViewerViewController.swift */ = {isa = PBXFileReference; lastKnownFileType = sourcecode.swift; path = PhotoViewerViewController.swift; sourceTree = "<group>"; };
		F05A62552B317136007BAAB7 /* VideoPlayerViewController.swift */ = {isa = PBXFileReference; lastKnownFileType = sourcecode.swift; path = VideoPlayerViewController.swift; sourceTree = "<group>"; };
		F05A62572B317144007BAAB7 /* NewConverstionViewController.swift */ = {isa = PBXFileReference; lastKnownFileType = sourcecode.swift; path = NewConverstionViewController.swift; sourceTree = "<group>"; };
		F05A62592B317153007BAAB7 /* ProfileViewController.swift */ = {isa = PBXFileReference; lastKnownFileType = sourcecode.swift; path = ProfileViewController.swift; sourceTree = "<group>"; };
		F05A625E2B319805007BAAB7 /* Extantion.swift */ = {isa = PBXFileReference; lastKnownFileType = sourcecode.swift; path = Extantion.swift; sourceTree = "<group>"; };
		F05A62602B32F963007BAAB7 /* GoogleService-Info.plist */ = {isa = PBXFileReference; fileEncoding = 4; lastKnownFileType = text.plist.xml; name = "GoogleService-Info.plist"; path = "../../../../Downloads/GoogleService-Info.plist"; sourceTree = "<group>"; };
/* End PBXFileReference section */

/* Begin PBXFrameworksBuildPhase section */
		F05A62132B3169A7007BAAB7 /* Frameworks */ = {
			isa = PBXFrameworksBuildPhase;
			buildActionMask = 2147483647;
			files = (
				B2DCE3C6D3FE49C60E05B0AA /* Pods_messanger.framework in Frameworks */,
			);
			runOnlyForDeploymentPostprocessing = 0;
		};
		F05A62292B3169A8007BAAB7 /* Frameworks */ = {
			isa = PBXFrameworksBuildPhase;
			buildActionMask = 2147483647;
			files = (
				FE10D0921DEAF50AF95AF19C /* Pods_messangerTests.framework in Frameworks */,
			);
			runOnlyForDeploymentPostprocessing = 0;
		};
		F05A62332B3169A8007BAAB7 /* Frameworks */ = {
			isa = PBXFrameworksBuildPhase;
			buildActionMask = 2147483647;
			files = (
				D1FA265FFDA5F88E5855B915 /* Pods_messanger_messangerUITests.framework in Frameworks */,
			);
			runOnlyForDeploymentPostprocessing = 0;
		};
/* End PBXFrameworksBuildPhase section */

/* Begin PBXGroup section */
		08B2EC5B19CEE5242FEBD452 /* Frameworks */ = {
			isa = PBXGroup;
			children = (
				E5855F8E550AF66DEC3FE4D3 /* Pods_messanger.framework */,
				0AFC4397BD2D91A4FBA2BC04 /* Pods_messanger_messangerUITests.framework */,
				4A2A79D78A4606A747D7B11F /* Pods_messangerTests.framework */,
			);
			name = Frameworks;
			sourceTree = "<group>";
		};
		9E3391F894F35F668A45714F /* Pods */ = {
			isa = PBXGroup;
			children = (
				96DC09A54DEE01299EBD140E /* Pods-messanger.debug.xcconfig */,
				095823ADC1DE6A7B52DB89B7 /* Pods-messanger.release.xcconfig */,
				D22AFE04DCAF48D9787163D7 /* Pods-messanger-messangerUITests.debug.xcconfig */,
				924931761F5015D3E868DA33 /* Pods-messanger-messangerUITests.release.xcconfig */,
				C0F0E70C62B184D898F2B5B8 /* Pods-messangerTests.debug.xcconfig */,
				0EA871A3EF6E8F94258817F5 /* Pods-messangerTests.release.xcconfig */,
			);
			path = Pods;
			sourceTree = "<group>";
		};
		F05A620D2B3169A7007BAAB7 = {
			isa = PBXGroup;
			children = (
				F05A62182B3169A7007BAAB7 /* messanger */,
				F05A62172B3169A7007BAAB7 /* Products */,
				9E3391F894F35F668A45714F /* Pods */,
				08B2EC5B19CEE5242FEBD452 /* Frameworks */,
			);
			sourceTree = "<group>";
		};
		F05A62172B3169A7007BAAB7 /* Products */ = {
			isa = PBXGroup;
			children = (
				F05A62162B3169A7007BAAB7 /* messanger.app */,
				F05A622C2B3169A8007BAAB7 /* messangerTests.xctest */,
				F05A62362B3169A8007BAAB7 /* messangerUITests.xctest */,
			);
			name = Products;
			sourceTree = "<group>";
		};
		F05A62182B3169A7007BAAB7 /* messanger */ = {
			isa = PBXGroup;
			children = (
				F05A62602B32F963007BAAB7 /* GoogleService-Info.plist */,
				F05A624D2B316A89007BAAB7 /* Resources */,
				F05A624C2B316A70007BAAB7 /* ViewsModels */,
				F05A624B2B316A56007BAAB7 /* Models */,
				F05A624A2B316A4B007BAAB7 /* Views */,
				F05A62492B316A3C007BAAB7 /* Controller */,
				F05A62272B3169A8007BAAB7 /* Info.plist */,
			);
			path = messanger;
			sourceTree = "<group>";
		};
		F05A62492B316A3C007BAAB7 /* Controller */ = {
			isa = PBXGroup;
			children = (
				F05A621D2B3169A7007BAAB7 /* ConverstionViewController.swift */,
				F05A625B2B3174C3007BAAB7 /* llogin */,
				F05A62532B317123007BAAB7 /* PhotoViewerViewController.swift */,
				F05A62552B317136007BAAB7 /* VideoPlayerViewController.swift */,
				F05A62572B317144007BAAB7 /* NewConverstionViewController.swift */,
				F05A62592B317153007BAAB7 /* ProfileViewController.swift */,
			);
			path = Controller;
			sourceTree = "<group>";
		};
		F05A624A2B316A4B007BAAB7 /* Views */ = {
			isa = PBXGroup;
			children = (
				F05A624E2B316B5A007BAAB7 /* Storyboards */,
				F05A621F2B3169A7007BAAB7 /* Main.storyboard */,
			);
			path = Views;
			sourceTree = "<group>";
		};
		F05A624B2B316A56007BAAB7 /* Models */ = {
			isa = PBXGroup;
			children = (
			);
			path = Models;
			sourceTree = "<group>";
		};
		F05A624C2B316A70007BAAB7 /* ViewsModels */ = {
			isa = PBXGroup;
			children = (
			);
			path = ViewsModels;
			sourceTree = "<group>";
		};
		F05A624D2B316A89007BAAB7 /* Resources */ = {
			isa = PBXGroup;
			children = (
				F05A62192B3169A7007BAAB7 /* AppDelegate.swift */,
				F05A621B2B3169A7007BAAB7 /* SceneDelegate.swift */,
				F05A625E2B319805007BAAB7 /* Extantion.swift */,
			);
			path = Resources;
			sourceTree = "<group>";
		};
		F05A624E2B316B5A007BAAB7 /* Storyboards */ = {
			isa = PBXGroup;
			children = (
				F05A62222B3169A8007BAAB7 /* Assets.xcassets */,
				F05A62242B3169A8007BAAB7 /* LaunchScreen.storyboard */,
			);
			path = Storyboards;
			sourceTree = "<group>";
		};
		F05A625B2B3174C3007BAAB7 /* llogin */ = {
			isa = PBXGroup;
			children = (
				F05A624F2B3170F4007BAAB7 /* LoginViewController.swift */,
				F05A62512B31710A007BAAB7 /* RegisterViewController.swift */,
			);
			path = llogin;
			sourceTree = "<group>";
		};
/* End PBXGroup section */

/* Begin PBXNativeTarget section */
		F05A62152B3169A7007BAAB7 /* messanger */ = {
			isa = PBXNativeTarget;
			buildConfigurationList = F05A62402B3169A8007BAAB7 /* Build configuration list for PBXNativeTarget "messanger" */;
			buildPhases = (
				8DD29ED082D6AD18497196A8 /* [CP] Check Pods Manifest.lock */,
				F05A62122B3169A7007BAAB7 /* Sources */,
				F05A62132B3169A7007BAAB7 /* Frameworks */,
				F05A62142B3169A7007BAAB7 /* Resources */,
				D128D9E4022DA697594CB415 /* [CP] Embed Pods Frameworks */,
			);
			buildRules = (
			);
			dependencies = (
			);
			name = messanger;
			productName = messanger;
			productReference = F05A62162B3169A7007BAAB7 /* messanger.app */;
			productType = "com.apple.product-type.application";
		};
		F05A622B2B3169A8007BAAB7 /* messangerTests */ = {
			isa = PBXNativeTarget;
			buildConfigurationList = F05A62432B3169A8007BAAB7 /* Build configuration list for PBXNativeTarget "messangerTests" */;
			buildPhases = (
				EA4D93D3961E2BFF9A54569D /* [CP] Check Pods Manifest.lock */,
				F05A62282B3169A8007BAAB7 /* Sources */,
				F05A62292B3169A8007BAAB7 /* Frameworks */,
				F05A622A2B3169A8007BAAB7 /* Resources */,
			);
			buildRules = (
			);
			dependencies = (
				F05A622E2B3169A8007BAAB7 /* PBXTargetDependency */,
			);
			name = messangerTests;
			productName = messangerTests;
			productReference = F05A622C2B3169A8007BAAB7 /* messangerTests.xctest */;
			productType = "com.apple.product-type.bundle.unit-test";
		};
		F05A62352B3169A8007BAAB7 /* messangerUITests */ = {
			isa = PBXNativeTarget;
			buildConfigurationList = F05A62462B3169A8007BAAB7 /* Build configuration list for PBXNativeTarget "messangerUITests" */;
			buildPhases = (
				B8F70D7C6592C8A097E9CCE4 /* [CP] Check Pods Manifest.lock */,
				F05A62322B3169A8007BAAB7 /* Sources */,
				F05A62332B3169A8007BAAB7 /* Frameworks */,
				F05A62342B3169A8007BAAB7 /* Resources */,
				5CCE57FCC6A7957C5F9F3440 /* [CP] Embed Pods Frameworks */,
			);
			buildRules = (
			);
			dependencies = (
				F05A62382B3169A8007BAAB7 /* PBXTargetDependency */,
			);
			name = messangerUITests;
			productName = messangerUITests;
			productReference = F05A62362B3169A8007BAAB7 /* messangerUITests.xctest */;
			productType = "com.apple.product-type.bundle.ui-testing";
		};
/* End PBXNativeTarget section */

/* Begin PBXProject section */
		F05A620E2B3169A7007BAAB7 /* Project object */ = {
			isa = PBXProject;
			attributes = {
				BuildIndependentTargetsInParallel = 1;
				LastSwiftUpdateCheck = 1510;
				LastUpgradeCheck = 1510;
				TargetAttributes = {
					F05A62152B3169A7007BAAB7 = {
						CreatedOnToolsVersion = 15.1;
					};
					F05A622B2B3169A8007BAAB7 = {
						CreatedOnToolsVersion = 15.1;
						TestTargetID = F05A62152B3169A7007BAAB7;
					};
					F05A62352B3169A8007BAAB7 = {
						CreatedOnToolsVersion = 15.1;
						TestTargetID = F05A62152B3169A7007BAAB7;
					};
				};
			};
			buildConfigurationList = F05A62112B3169A7007BAAB7 /* Build configuration list for PBXProject "messanger" */;
			compatibilityVersion = "Xcode 14.0";
			developmentRegion = en;
			hasScannedForEncodings = 0;
			knownRegions = (
				en,
				Base,
			);
			mainGroup = F05A620D2B3169A7007BAAB7;
			packageReferences = (
				F05A62622B32FBD3007BAAB7 /* XCRemoteSwiftPackageReference "firebase-ios-sdk" */,
			);
			productRefGroup = F05A62172B3169A7007BAAB7 /* Products */;
			projectDirPath = "";
			projectRoot = "";
			targets = (
				F05A62152B3169A7007BAAB7 /* messanger */,
				F05A622B2B3169A8007BAAB7 /* messangerTests */,
				F05A62352B3169A8007BAAB7 /* messangerUITests */,
			);
		};
/* End PBXProject section */

/* Begin PBXResourcesBuildPhase section */
		F05A62142B3169A7007BAAB7 /* Resources */ = {
			isa = PBXResourcesBuildPhase;
			buildActionMask = 2147483647;
			files = (
				F05A62262B3169A8007BAAB7 /* LaunchScreen.storyboard in Resources */,
				F05A62612B32F963007BAAB7 /* GoogleService-Info.plist in Resources */,
				F05A62232B3169A8007BAAB7 /* Assets.xcassets in Resources */,
				F05A62212B3169A7007BAAB7 /* Main.storyboard in Resources */,
			);
			runOnlyForDeploymentPostprocessing = 0;
		};
		F05A622A2B3169A8007BAAB7 /* Resources */ = {
			isa = PBXResourcesBuildPhase;
			buildActionMask = 2147483647;
			files = (
			);
			runOnlyForDeploymentPostprocessing = 0;
		};
		F05A62342B3169A8007BAAB7 /* Resources */ = {
			isa = PBXResourcesBuildPhase;
			buildActionMask = 2147483647;
			files = (
			);
			runOnlyForDeploymentPostprocessing = 0;
		};
/* End PBXResourcesBuildPhase section */

/* Begin PBXShellScriptBuildPhase section */
		5CCE57FCC6A7957C5F9F3440 /* [CP] Embed Pods Frameworks */ = {
			isa = PBXShellScriptBuildPhase;
			buildActionMask = 2147483647;
			files = (
			);
			inputFileListPaths = (
				"${PODS_ROOT}/Target Support Files/Pods-messanger-messangerUITests/Pods-messanger-messangerUITests-frameworks-${CONFIGURATION}-input-files.xcfilelist",
			);
			name = "[CP] Embed Pods Frameworks";
			outputFileListPaths = (
				"${PODS_ROOT}/Target Support Files/Pods-messanger-messangerUITests/Pods-messanger-messangerUITests-frameworks-${CONFIGURATION}-output-files.xcfilelist",
			);
			runOnlyForDeploymentPostprocessing = 0;
			shellPath = /bin/sh;
			shellScript = "\"${PODS_ROOT}/Target Support Files/Pods-messanger-messangerUITests/Pods-messanger-messangerUITests-frameworks.sh\"\n";
			showEnvVarsInLog = 0;
		};
		8DD29ED082D6AD18497196A8 /* [CP] Check Pods Manifest.lock */ = {
			isa = PBXShellScriptBuildPhase;
			buildActionMask = 2147483647;
			files = (
			);
			inputFileListPaths = (
			);
			inputPaths = (
				"${PODS_PODFILE_DIR_PATH}/Podfile.lock",
				"${PODS_ROOT}/Manifest.lock",
			);
			name = "[CP] Check Pods Manifest.lock";
			outputFileListPaths = (
			);
			outputPaths = (
				"$(DERIVED_FILE_DIR)/Pods-messanger-checkManifestLockResult.txt",
			);
			runOnlyForDeploymentPostprocessing = 0;
			shellPath = /bin/sh;
			shellScript = "diff \"${PODS_PODFILE_DIR_PATH}/Podfile.lock\" \"${PODS_ROOT}/Manifest.lock\" > /dev/null\nif [ $? != 0 ] ; then\n    # print error to STDERR\n    echo \"error: The sandbox is not in sync with the Podfile.lock. Run 'pod install' or update your CocoaPods installation.\" >&2\n    exit 1\nfi\n# This output is used by Xcode 'outputs' to avoid re-running this script phase.\necho \"SUCCESS\" > \"${SCRIPT_OUTPUT_FILE_0}\"\n";
			showEnvVarsInLog = 0;
		};
		B8F70D7C6592C8A097E9CCE4 /* [CP] Check Pods Manifest.lock */ = {
			isa = PBXShellScriptBuildPhase;
			buildActionMask = 2147483647;
			files = (
			);
			inputFileListPaths = (
			);
			inputPaths = (
				"${PODS_PODFILE_DIR_PATH}/Podfile.lock",
				"${PODS_ROOT}/Manifest.lock",
			);
			name = "[CP] Check Pods Manifest.lock";
			outputFileListPaths = (
			);
			outputPaths = (
				"$(DERIVED_FILE_DIR)/Pods-messanger-messangerUITests-checkManifestLockResult.txt",
			);
			runOnlyForDeploymentPostprocessing = 0;
			shellPath = /bin/sh;
			shellScript = "diff \"${PODS_PODFILE_DIR_PATH}/Podfile.lock\" \"${PODS_ROOT}/Manifest.lock\" > /dev/null\nif [ $? != 0 ] ; then\n    # print error to STDERR\n    echo \"error: The sandbox is not in sync with the Podfile.lock. Run 'pod install' or update your CocoaPods installation.\" >&2\n    exit 1\nfi\n# This output is used by Xcode 'outputs' to avoid re-running this script phase.\necho \"SUCCESS\" > \"${SCRIPT_OUTPUT_FILE_0}\"\n";
			showEnvVarsInLog = 0;
		};
		D128D9E4022DA697594CB415 /* [CP] Embed Pods Frameworks */ = {
			isa = PBXShellScriptBuildPhase;
			buildActionMask = 2147483647;
			files = (
			);
			inputFileListPaths = (
				"${PODS_ROOT}/Target Support Files/Pods-messanger/Pods-messanger-frameworks-${CONFIGURATION}-input-files.xcfilelist",
			);
			name = "[CP] Embed Pods Frameworks";
			outputFileListPaths = (
				"${PODS_ROOT}/Target Support Files/Pods-messanger/Pods-messanger-frameworks-${CONFIGURATION}-output-files.xcfilelist",
			);
			runOnlyForDeploymentPostprocessing = 0;
			shellPath = /bin/sh;
			shellScript = "\"${PODS_ROOT}/Target Support Files/Pods-messanger/Pods-messanger-frameworks.sh\"\n";
			showEnvVarsInLog = 0;
		};
		EA4D93D3961E2BFF9A54569D /* [CP] Check Pods Manifest.lock */ = {
			isa = PBXShellScriptBuildPhase;
			buildActionMask = 2147483647;
			files = (
			);
			inputFileListPaths = (
			);
			inputPaths = (
				"${PODS_PODFILE_DIR_PATH}/Podfile.lock",
				"${PODS_ROOT}/Manifest.lock",
			);
			name = "[CP] Check Pods Manifest.lock";
			outputFileListPaths = (
			);
			outputPaths = (
				"$(DERIVED_FILE_DIR)/Pods-messangerTests-checkManifestLockResult.txt",
			);
			runOnlyForDeploymentPostprocessing = 0;
			shellPath = /bin/sh;
			shellScript = "diff \"${PODS_PODFILE_DIR_PATH}/Podfile.lock\" \"${PODS_ROOT}/Manifest.lock\" > /dev/null\nif [ $? != 0 ] ; then\n    # print error to STDERR\n    echo \"error: The sandbox is not in sync with the Podfile.lock. Run 'pod install' or update your CocoaPods installation.\" >&2\n    exit 1\nfi\n# This output is used by Xcode 'outputs' to avoid re-running this script phase.\necho \"SUCCESS\" > \"${SCRIPT_OUTPUT_FILE_0}\"\n";
			showEnvVarsInLog = 0;
		};
/* End PBXShellScriptBuildPhase section */

/* Begin PBXSourcesBuildPhase section */
		F05A62122B3169A7007BAAB7 /* Sources */ = {
			isa = PBXSourcesBuildPhase;
			buildActionMask = 2147483647;
			files = (
				F05A62582B317144007BAAB7 /* NewConverstionViewController.swift in Sources */,
				F05A62502B3170F4007BAAB7 /* LoginViewController.swift in Sources */,
				F05A62562B317136007BAAB7 /* VideoPlayerViewController.swift in Sources */,
				F05A62522B31710A007BAAB7 /* RegisterViewController.swift in Sources */,
				F05A621E2B3169A7007BAAB7 /* ConverstionViewController.swift in Sources */,
				F05A621A2B3169A7007BAAB7 /* AppDelegate.swift in Sources */,
				F05A625A2B317153007BAAB7 /* ProfileViewController.swift in Sources */,
				F05A621C2B3169A7007BAAB7 /* SceneDelegate.swift in Sources */,
				F05A625F2B319805007BAAB7 /* Extantion.swift in Sources */,
				F05A62542B317123007BAAB7 /* PhotoViewerViewController.swift in Sources */,
			);
			runOnlyForDeploymentPostprocessing = 0;
		};
		F05A62282B3169A8007BAAB7 /* Sources */ = {
			isa = PBXSourcesBuildPhase;
			buildActionMask = 2147483647;
			files = (
			);
			runOnlyForDeploymentPostprocessing = 0;
		};
		F05A62322B3169A8007BAAB7 /* Sources */ = {
			isa = PBXSourcesBuildPhase;
			buildActionMask = 2147483647;
			files = (
			);
			runOnlyForDeploymentPostprocessing = 0;
		};
/* End PBXSourcesBuildPhase section */

/* Begin PBXTargetDependency section */
		F05A622E2B3169A8007BAAB7 /* PBXTargetDependency */ = {
			isa = PBXTargetDependency;
			target = F05A62152B3169A7007BAAB7 /* messanger */;
			targetProxy = F05A622D2B3169A8007BAAB7 /* PBXContainerItemProxy */;
		};
		F05A62382B3169A8007BAAB7 /* PBXTargetDependency */ = {
			isa = PBXTargetDependency;
			target = F05A62152B3169A7007BAAB7 /* messanger */;
			targetProxy = F05A62372B3169A8007BAAB7 /* PBXContainerItemProxy */;
		};
/* End PBXTargetDependency section */

/* Begin PBXVariantGroup section */
		F05A621F2B3169A7007BAAB7 /* Main.storyboard */ = {
			isa = PBXVariantGroup;
			children = (
				F05A62202B3169A7007BAAB7 /* Base */,
			);
			name = Main.storyboard;
			sourceTree = "<group>";
		};
		F05A62242B3169A8007BAAB7 /* LaunchScreen.storyboard */ = {
			isa = PBXVariantGroup;
			children = (
				F05A62252B3169A8007BAAB7 /* Base */,
			);
			name = LaunchScreen.storyboard;
			sourceTree = "<group>";
		};
/* End PBXVariantGroup section */

/* Begin XCBuildConfiguration section */
		F05A623E2B3169A8007BAAB7 /* Debug */ = {
			isa = XCBuildConfiguration;
			buildSettings = {
				ALWAYS_SEARCH_USER_PATHS = NO;
				ASSETCATALOG_COMPILER_GENERATE_SWIFT_ASSET_SYMBOL_EXTENSIONS = YES;
				CLANG_ANALYZER_NONNULL = YES;
				CLANG_ANALYZER_NUMBER_OBJECT_CONVERSION = YES_AGGRESSIVE;
				CLANG_CXX_LANGUAGE_STANDARD = "gnu++20";
				CLANG_ENABLE_MODULES = YES;
				CLANG_ENABLE_OBJC_ARC = YES;
				CLANG_ENABLE_OBJC_WEAK = YES;
				CLANG_WARN_BLOCK_CAPTURE_AUTORELEASING = YES;
				CLANG_WARN_BOOL_CONVERSION = YES;
				CLANG_WARN_COMMA = YES;
				CLANG_WARN_CONSTANT_CONVERSION = YES;
				CLANG_WARN_DEPRECATED_OBJC_IMPLEMENTATIONS = YES;
				CLANG_WARN_DIRECT_OBJC_ISA_USAGE = YES_ERROR;
				CLANG_WARN_DOCUMENTATION_COMMENTS = YES;
				CLANG_WARN_EMPTY_BODY = YES;
				CLANG_WARN_ENUM_CONVERSION = YES;
				CLANG_WARN_INFINITE_RECURSION = YES;
				CLANG_WARN_INT_CONVERSION = YES;
				CLANG_WARN_NON_LITERAL_NULL_CONVERSION = YES;
				CLANG_WARN_OBJC_IMPLICIT_RETAIN_SELF = YES;
				CLANG_WARN_OBJC_LITERAL_CONVERSION = YES;
				CLANG_WARN_OBJC_ROOT_CLASS = YES_ERROR;
				CLANG_WARN_QUOTED_INCLUDE_IN_FRAMEWORK_HEADER = YES;
				CLANG_WARN_RANGE_LOOP_ANALYSIS = YES;
				CLANG_WARN_STRICT_PROTOTYPES = YES;
				CLANG_WARN_SUSPICIOUS_MOVE = YES;
				CLANG_WARN_UNGUARDED_AVAILABILITY = YES_AGGRESSIVE;
				CLANG_WARN_UNREACHABLE_CODE = YES;
				CLANG_WARN__DUPLICATE_METHOD_MATCH = YES;
				COPY_PHASE_STRIP = NO;
				DEBUG_INFORMATION_FORMAT = dwarf;
				ENABLE_STRICT_OBJC_MSGSEND = YES;
				ENABLE_TESTABILITY = YES;
				ENABLE_USER_SCRIPT_SANDBOXING = YES;
				GCC_C_LANGUAGE_STANDARD = gnu17;
				GCC_DYNAMIC_NO_PIC = NO;
				GCC_NO_COMMON_BLOCKS = YES;
				GCC_OPTIMIZATION_LEVEL = 0;
				GCC_PREPROCESSOR_DEFINITIONS = (
					"DEBUG=1",
					"$(inherited)",
				);
				GCC_WARN_64_TO_32_BIT_CONVERSION = YES;
				GCC_WARN_ABOUT_RETURN_TYPE = YES_ERROR;
				GCC_WARN_UNDECLARED_SELECTOR = YES;
				GCC_WARN_UNINITIALIZED_AUTOS = YES_AGGRESSIVE;
				GCC_WARN_UNUSED_FUNCTION = YES;
				GCC_WARN_UNUSED_VARIABLE = YES;
				IPHONEOS_DEPLOYMENT_TARGET = 17.2;
				LOCALIZATION_PREFERS_STRING_CATALOGS = YES;
				MTL_ENABLE_DEBUG_INFO = INCLUDE_SOURCE;
				MTL_FAST_MATH = YES;
				ONLY_ACTIVE_ARCH = YES;
				SDKROOT = iphoneos;
				SWIFT_ACTIVE_COMPILATION_CONDITIONS = "DEBUG $(inherited)";
				SWIFT_OPTIMIZATION_LEVEL = "-Onone";
			};
			name = Debug;
		};
		F05A623F2B3169A8007BAAB7 /* Release */ = {
			isa = XCBuildConfiguration;
			buildSettings = {
				ALWAYS_SEARCH_USER_PATHS = NO;
				ASSETCATALOG_COMPILER_GENERATE_SWIFT_ASSET_SYMBOL_EXTENSIONS = YES;
				CLANG_ANALYZER_NONNULL = YES;
				CLANG_ANALYZER_NUMBER_OBJECT_CONVERSION = YES_AGGRESSIVE;
				CLANG_CXX_LANGUAGE_STANDARD = "gnu++20";
				CLANG_ENABLE_MODULES = YES;
				CLANG_ENABLE_OBJC_ARC = YES;
				CLANG_ENABLE_OBJC_WEAK = YES;
				CLANG_WARN_BLOCK_CAPTURE_AUTORELEASING = YES;
				CLANG_WARN_BOOL_CONVERSION = YES;
				CLANG_WARN_COMMA = YES;
				CLANG_WARN_CONSTANT_CONVERSION = YES;
				CLANG_WARN_DEPRECATED_OBJC_IMPLEMENTATIONS = YES;
				CLANG_WARN_DIRECT_OBJC_ISA_USAGE = YES_ERROR;
				CLANG_WARN_DOCUMENTATION_COMMENTS = YES;
				CLANG_WARN_EMPTY_BODY = YES;
				CLANG_WARN_ENUM_CONVERSION = YES;
				CLANG_WARN_INFINITE_RECURSION = YES;
				CLANG_WARN_INT_CONVERSION = YES;
				CLANG_WARN_NON_LITERAL_NULL_CONVERSION = YES;
				CLANG_WARN_OBJC_IMPLICIT_RETAIN_SELF = YES;
				CLANG_WARN_OBJC_LITERAL_CONVERSION = YES;
				CLANG_WARN_OBJC_ROOT_CLASS = YES_ERROR;
				CLANG_WARN_QUOTED_INCLUDE_IN_FRAMEWORK_HEADER = YES;
				CLANG_WARN_RANGE_LOOP_ANALYSIS = YES;
				CLANG_WARN_STRICT_PROTOTYPES = YES;
				CLANG_WARN_SUSPICIOUS_MOVE = YES;
				CLANG_WARN_UNGUARDED_AVAILABILITY = YES_AGGRESSIVE;
				CLANG_WARN_UNREACHABLE_CODE = YES;
				CLANG_WARN__DUPLICATE_METHOD_MATCH = YES;
				COPY_PHASE_STRIP = NO;
				DEBUG_INFORMATION_FORMAT = "dwarf-with-dsym";
				ENABLE_NS_ASSERTIONS = NO;
				ENABLE_STRICT_OBJC_MSGSEND = YES;
				ENABLE_USER_SCRIPT_SANDBOXING = YES;
				GCC_C_LANGUAGE_STANDARD = gnu17;
				GCC_NO_COMMON_BLOCKS = YES;
				GCC_WARN_64_TO_32_BIT_CONVERSION = YES;
				GCC_WARN_ABOUT_RETURN_TYPE = YES_ERROR;
				GCC_WARN_UNDECLARED_SELECTOR = YES;
				GCC_WARN_UNINITIALIZED_AUTOS = YES_AGGRESSIVE;
				GCC_WARN_UNUSED_FUNCTION = YES;
				GCC_WARN_UNUSED_VARIABLE = YES;
				IPHONEOS_DEPLOYMENT_TARGET = 17.2;
				LOCALIZATION_PREFERS_STRING_CATALOGS = YES;
				MTL_ENABLE_DEBUG_INFO = NO;
				MTL_FAST_MATH = YES;
				SDKROOT = iphoneos;
				SWIFT_COMPILATION_MODE = wholemodule;
				VALIDATE_PRODUCT = YES;
			};
			name = Release;
		};
		F05A62412B3169A8007BAAB7 /* Debug */ = {
			isa = XCBuildConfiguration;
			baseConfigurationReference = 96DC09A54DEE01299EBD140E /* Pods-messanger.debug.xcconfig */;
			buildSettings = {
				ASSETCATALOG_COMPILER_APPICON_NAME = AppIcon;
				ASSETCATALOG_COMPILER_GLOBAL_ACCENT_COLOR_NAME = AccentColor;
				CODE_SIGN_STYLE = Automatic;
				CURRENT_PROJECT_VERSION = 1;
				ENABLE_USER_SCRIPT_SANDBOXING = NO;
				GENERATE_INFOPLIST_FILE = YES;
				INFOPLIST_FILE = messanger/Info.plist;
				INFOPLIST_KEY_UIApplicationSupportsIndirectInputEvents = YES;
				INFOPLIST_KEY_UILaunchStoryboardName = LaunchScreen;
				INFOPLIST_KEY_UIMainStoryboardFile = Main;
				INFOPLIST_KEY_UISupportedInterfaceOrientations = UIInterfaceOrientationPortrait;
				LD_RUNPATH_SEARCH_PATHS = (
					"$(inherited)",
					"@executable_path/Frameworks",
				);
				MARKETING_VERSION = 1.0;
				PRODUCT_BUNDLE_IDENTIFIER = AmmarDev.messanger;
				PRODUCT_NAME = "$(TARGET_NAME)";
				SWIFT_EMIT_LOC_STRINGS = YES;
				SWIFT_VERSION = 5.0;
				TARGETED_DEVICE_FAMILY = "1,2";
			};
			name = Debug;
		};
		F05A62422B3169A8007BAAB7 /* Release */ = {
			isa = XCBuildConfiguration;
			baseConfigurationReference = 095823ADC1DE6A7B52DB89B7 /* Pods-messanger.release.xcconfig */;
			buildSettings = {
				ASSETCATALOG_COMPILER_APPICON_NAME = AppIcon;
				ASSETCATALOG_COMPILER_GLOBAL_ACCENT_COLOR_NAME = AccentColor;
				CODE_SIGN_STYLE = Automatic;
				CURRENT_PROJECT_VERSION = 1;
				ENABLE_USER_SCRIPT_SANDBOXING = NO;
				GENERATE_INFOPLIST_FILE = YES;
				INFOPLIST_FILE = messanger/Info.plist;
				INFOPLIST_KEY_UIApplicationSupportsIndirectInputEvents = YES;
				INFOPLIST_KEY_UILaunchStoryboardName = LaunchScreen;
				INFOPLIST_KEY_UIMainStoryboardFile = Main;
				INFOPLIST_KEY_UISupportedInterfaceOrientations = UIInterfaceOrientationPortrait;
				LD_RUNPATH_SEARCH_PATHS = (
					"$(inherited)",
					"@executable_path/Frameworks",
				);
				MARKETING_VERSION = 1.0;
				PRODUCT_BUNDLE_IDENTIFIER = AmmarDev.messanger;
				PRODUCT_NAME = "$(TARGET_NAME)";
				SWIFT_EMIT_LOC_STRINGS = YES;
				SWIFT_VERSION = 5.0;
				TARGETED_DEVICE_FAMILY = "1,2";
			};
			name = Release;
		};
		F05A62442B3169A8007BAAB7 /* Debug */ = {
			isa = XCBuildConfiguration;
			baseConfigurationReference = C0F0E70C62B184D898F2B5B8 /* Pods-messangerTests.debug.xcconfig */;
			buildSettings = {
				ALWAYS_EMBED_SWIFT_STANDARD_LIBRARIES = YES;
				BUNDLE_LOADER = "$(TEST_HOST)";
				CODE_SIGN_STYLE = Automatic;
				CURRENT_PROJECT_VERSION = 1;
				GENERATE_INFOPLIST_FILE = YES;
				IPHONEOS_DEPLOYMENT_TARGET = 17.2;
				MARKETING_VERSION = 1.0;
				PRODUCT_BUNDLE_IDENTIFIER = AmmarDev.messangerTests;
				PRODUCT_NAME = "$(TARGET_NAME)";
				SWIFT_EMIT_LOC_STRINGS = NO;
				SWIFT_VERSION = 5.0;
				TARGETED_DEVICE_FAMILY = "1,2";
				TEST_HOST = "$(BUILT_PRODUCTS_DIR)/messanger.app/$(BUNDLE_EXECUTABLE_FOLDER_PATH)/messanger";
			};
			name = Debug;
		};
		F05A62452B3169A8007BAAB7 /* Release */ = {
			isa = XCBuildConfiguration;
			baseConfigurationReference = 0EA871A3EF6E8F94258817F5 /* Pods-messangerTests.release.xcconfig */;
			buildSettings = {
				ALWAYS_EMBED_SWIFT_STANDARD_LIBRARIES = YES;
				BUNDLE_LOADER = "$(TEST_HOST)";
				CODE_SIGN_STYLE = Automatic;
				CURRENT_PROJECT_VERSION = 1;
				GENERATE_INFOPLIST_FILE = YES;
				IPHONEOS_DEPLOYMENT_TARGET = 17.2;
				MARKETING_VERSION = 1.0;
				PRODUCT_BUNDLE_IDENTIFIER = AmmarDev.messangerTests;
				PRODUCT_NAME = "$(TARGET_NAME)";
				SWIFT_EMIT_LOC_STRINGS = NO;
				SWIFT_VERSION = 5.0;
				TARGETED_DEVICE_FAMILY = "1,2";
				TEST_HOST = "$(BUILT_PRODUCTS_DIR)/messanger.app/$(BUNDLE_EXECUTABLE_FOLDER_PATH)/messanger";
			};
			name = Release;
		};
		F05A62472B3169A8007BAAB7 /* Debug */ = {
			isa = XCBuildConfiguration;
			baseConfigurationReference = D22AFE04DCAF48D9787163D7 /* Pods-messanger-messangerUITests.debug.xcconfig */;
			buildSettings = {
				ALWAYS_EMBED_SWIFT_STANDARD_LIBRARIES = YES;
				CODE_SIGN_STYLE = Automatic;
				CURRENT_PROJECT_VERSION = 1;
				GENERATE_INFOPLIST_FILE = YES;
				MARKETING_VERSION = 1.0;
				PRODUCT_BUNDLE_IDENTIFIER = AmmarDev.messangerUITests;
				PRODUCT_NAME = "$(TARGET_NAME)";
				SWIFT_EMIT_LOC_STRINGS = NO;
				SWIFT_VERSION = 5.0;
				TARGETED_DEVICE_FAMILY = "1,2";
				TEST_TARGET_NAME = messanger;
			};
			name = Debug;
		};
		F05A62482B3169A8007BAAB7 /* Release */ = {
			isa = XCBuildConfiguration;
			baseConfigurationReference = 924931761F5015D3E868DA33 /* Pods-messanger-messangerUITests.release.xcconfig */;
			buildSettings = {
				ALWAYS_EMBED_SWIFT_STANDARD_LIBRARIES = YES;
				CODE_SIGN_STYLE = Automatic;
				CURRENT_PROJECT_VERSION = 1;
				GENERATE_INFOPLIST_FILE = YES;
				MARKETING_VERSION = 1.0;
				PRODUCT_BUNDLE_IDENTIFIER = AmmarDev.messangerUITests;
				PRODUCT_NAME = "$(TARGET_NAME)";
				SWIFT_EMIT_LOC_STRINGS = NO;
				SWIFT_VERSION = 5.0;
				TARGETED_DEVICE_FAMILY = "1,2";
				TEST_TARGET_NAME = messanger;
			};
			name = Release;
		};
/* End XCBuildConfiguration section */

/* Begin XCConfigurationList section */
		F05A62112B3169A7007BAAB7 /* Build configuration list for PBXProject "messanger" */ = {
			isa = XCConfigurationList;
			buildConfigurations = (
				F05A623E2B3169A8007BAAB7 /* Debug */,
				F05A623F2B3169A8007BAAB7 /* Release */,
			);
			defaultConfigurationIsVisible = 0;
			defaultConfigurationName = Release;
		};
		F05A62402B3169A8007BAAB7 /* Build configuration list for PBXNativeTarget "messanger" */ = {
			isa = XCConfigurationList;
			buildConfigurations = (
				F05A62412B3169A8007BAAB7 /* Debug */,
				F05A62422B3169A8007BAAB7 /* Release */,
			);
			defaultConfigurationIsVisible = 0;
			defaultConfigurationName = Release;
		};
		F05A62432B3169A8007BAAB7 /* Build configuration list for PBXNativeTarget "messangerTests" */ = {
			isa = XCConfigurationList;
			buildConfigurations = (
				F05A62442B3169A8007BAAB7 /* Debug */,
				F05A62452B3169A8007BAAB7 /* Release */,
			);
			defaultConfigurationIsVisible = 0;
			defaultConfigurationName = Release;
		};
		F05A62462B3169A8007BAAB7 /* Build configuration list for PBXNativeTarget "messangerUITests" */ = {
			isa = XCConfigurationList;
			buildConfigurations = (
				F05A62472B3169A8007BAAB7 /* Debug */,
				F05A62482B3169A8007BAAB7 /* Release */,
			);
			defaultConfigurationIsVisible = 0;
			defaultConfigurationName = Release;
		};
/* End XCConfigurationList section */

/* Begin XCRemoteSwiftPackageReference section */
		F05A62622B32FBD3007BAAB7 /* XCRemoteSwiftPackageReference "firebase-ios-sdk" */ = {
			isa = XCRemoteSwiftPackageReference;
			repositoryURL = "https://github.com/firebase/firebase-ios-sdk";
			requirement = {
				kind = upToNextMajorVersion;
				minimumVersion = 10.19.1;
			};
		};
/* End XCRemoteSwiftPackageReference section */
	};
	rootObject = F05A620E2B3169A7007BAAB7 /* Project object */;
}
